
Microsoft Visual Studio Solution File, Format Version 12.00
# Visual Studio 15
VisualStudioVersion = 15.0.28307.572
MinimumVisualStudioVersion = 10.0.40219.1
Project("{FAE04EC0-301F-11D3-BF4B-00C04F79EFBC}") = "Organizador", "Organizador\Organizador.csproj", "{93562523-473D-41EF-AD3E-E68A450CC4DD}"
EndProject
Project("{FAE04EC0-301F-11D3-BF4B-00C04F79EFBC}") = "ConversorMorse", "ConversorMorse\ConversorMorse.csproj", "{BA001A91-2DFE-410A-8E48-1712C12BA2F0}"
EndProject
Project("{FAE04EC0-301F-11D3-BF4B-00C04F79EFBC}") = "Codificando", "Codificando\Codificando.csproj", "{4380D0FE-C2A0-489D-98D9-EA96837EDB59}"
EndProject
Global
	GlobalSection(SolutionConfigurationPlatforms) = preSolution
		Debug|Any CPU = Debug|Any CPU
		Release|Any CPU = Release|Any CPU
	EndGlobalSection
	GlobalSection(ProjectConfigurationPlatforms) = postSolution
		{93562523-473D-41EF-AD3E-E68A450CC4DD}.Debug|Any CPU.ActiveCfg = Debug|Any CPU
		{93562523-473D-41EF-AD3E-E68A450CC4DD}.Debug|Any CPU.Build.0 = Debug|Any CPU
		{93562523-473D-41EF-AD3E-E68A450CC4DD}.Release|Any CPU.ActiveCfg = Release|Any CPU
		{93562523-473D-41EF-AD3E-E68A450CC4DD}.Release|Any CPU.Build.0 = Release|Any CPU
		{BA001A91-2DFE-410A-8E48-1712C12BA2F0}.Debug|Any CPU.ActiveCfg = Debug|Any CPU
		{BA001A91-2DFE-410A-8E48-1712C12BA2F0}.Debug|Any CPU.Build.0 = Debug|Any CPU
		{BA001A91-2DFE-410A-8E48-1712C12BA2F0}.Release|Any CPU.ActiveCfg = Release|Any CPU
		{BA001A91-2DFE-410A-8E48-1712C12BA2F0}.Release|Any CPU.Build.0 = Release|Any CPU
		{4380D0FE-C2A0-489D-98D9-EA96837EDB59}.Debug|Any CPU.ActiveCfg = Debug|Any CPU
		{4380D0FE-C2A0-489D-98D9-EA96837EDB59}.Debug|Any CPU.Build.0 = Debug|Any CPU
		{4380D0FE-C2A0-489D-98D9-EA96837EDB59}.Release|Any CPU.ActiveCfg = Release|Any CPU
		{4380D0FE-C2A0-489D-98D9-EA96837EDB59}.Release|Any CPU.Build.0 = Release|Any CPU
	EndGlobalSection
	GlobalSection(SolutionProperties) = preSolution
		HideSolutionNode = FALSE
	EndGlobalSection
	GlobalSection(ExtensibilityGlobals) = postSolution
		SolutionGuid = {4A36BF4C-7D28-4853-B81C-BB2B121D5C45}
	EndGlobalSection
EndGlobal
